
Microsoft Visual Studio Solution File, Format Version 12.00
# Visual Studio Version 17
VisualStudioVersion = 17.13.35828.75
MinimumVisualStudioVersion = 10.0.40219.1
Project("{FAE04EC0-301F-11D3-BF4B-00C04F79EFBC}") = "SistemaGestionAcademicaApp", "SistemaGestionAcademicaApp.csproj", "{687AB0B0-E001-48A5-9D9B-7030CD57A351}"
EndProject
Global
	GlobalSection(SolutionConfigurationPlatforms) = preSolution
		Debug|Any CPU = Debug|Any CPU
		Release|Any CPU = Release|Any CPU
	EndGlobalSection
	GlobalSection(ProjectConfigurationPlatforms) = postSolution
		{687AB0B0-E001-48A5-9D9B-7030CD57A351}.Debug|Any CPU.ActiveCfg = Debug|Any CPU
		{687AB0B0-E001-48A5-9D9B-7030CD57A351}.Debug|Any CPU.Build.0 = Debug|Any CPU
		{687AB0B0-E001-48A5-9D9B-7030CD57A351}.Release|Any CPU.ActiveCfg = Release|Any CPU
		{687AB0B0-E001-48A5-9D9B-7030CD57A351}.Release|Any CPU.Build.0 = Release|Any CPU
	EndGlobalSection
	GlobalSection(SolutionProperties) = preSolution
		HideSolutionNode = FALSE
	EndGlobalSection
	GlobalSection(ExtensibilityGlobals) = postSolution
		SolutionGuid = {C8994A98-BB29-4203-AF41-DD9C472DCEED}
	EndGlobalSection
EndGlobal
